
Microsoft Visual Studio Solution File, Format Version 12.00
# Visual Studio Version 17
VisualStudioVersion = 17.12.35707.178
MinimumVisualStudioVersion = 10.0.40219.1
Project("{2150E333-8FDC-42A3-9474-1A3956D46DE8}") = "Lesson__02", "Lesson__02", "{64088E18-F3CB-4CCB-B90A-6A3E37F6324A}"
EndProject
Project("{9A19103F-16F7-4668-BE54-9A1E7A4F7556}") = "Task_02_02", "Task_02_02\Task_02_02.csproj", "{7AEE2BCC-898E-4542-95C6-25D5A8E3714F}"
EndProject
Project("{9A19103F-16F7-4668-BE54-9A1E7A4F7556}") = "Task_02_04", "Task_02_04\Task_02_04.csproj", "{B2F72AC3-1366-46B5-8023-1C4BFE9E10EF}"
EndProject
Project("{2150E333-8FDC-42A3-9474-1A3956D46DE8}") = "Lesson_03", "Lesson_03", "{21B3308B-B0C5-40D8-99D4-C899459DE6CF}"
EndProject
Project("{9A19103F-16F7-4668-BE54-9A1E7A4F7556}") = "Task_03_04", "Task_03_04\Task_03_04.csproj", "{A3CC54A5-A0BA-4D06-AEF6-C0AB22BD9555}"
EndProject
Project("{9A19103F-16F7-4668-BE54-9A1E7A4F7556}") = "Task_03_05", "Task_03_05\Task_03_05.csproj", "{783A80C8-C222-427A-BFA2-977C5E3DDF12}"
EndProject
Project("{9A19103F-16F7-4668-BE54-9A1E7A4F7556}") = "Task_03_06", "Task_03_06\Task_03_06.csproj", "{F35B174A-7380-4137-AEA6-F68A85EC84F9}"
EndProject
Project("{9A19103F-16F7-4668-BE54-9A1E7A4F7556}") = "Task_03_07", "Task_03_07\Task_03_07.csproj", "{F570A2CB-9AD4-4E9D-BFDD-767375C8FCE5}"
EndProject
Project("{9A19103F-16F7-4668-BE54-9A1E7A4F7556}") = "Task_03_08", "Task_03_08\Task_03_08.csproj", "{980F6A58-7096-4A6D-980E-FE7B2BBF9A1D}"
EndProject
Project("{9A19103F-16F7-4668-BE54-9A1E7A4F7556}") = "Task_03_09", "Task_03_09\Task_03_09.csproj", "{379A13F6-6301-416C-B54C-AF68A7346181}"
EndProject
Project("{2150E333-8FDC-42A3-9474-1A3956D46DE8}") = "Lesson_04", "Lesson_04", "{4D1CB09E-74FF-4CA0-971E-F17FD1C0092D}"
EndProject
Project("{9A19103F-16F7-4668-BE54-9A1E7A4F7556}") = "Task_04_05", "Task_04_05\Task_04_05.csproj", "{B3E07209-0995-47C9-9AC2-F688AEA02F51}"
EndProject
Project("{9A19103F-16F7-4668-BE54-9A1E7A4F7556}") = "Task_04_06", "Lesson_04_06\Task_04_06.csproj", "{E01B9EA2-78F6-490C-AF7A-91EC1B4FAF81}"
EndProject
Project("{9A19103F-16F7-4668-BE54-9A1E7A4F7556}") = "Task_04_07", "Task_04_07\Task_04_07.csproj", "{D16A43B6-B8C1-4A70-A5B7-65288A09E8B1}"
EndProject
Project("{9A19103F-16F7-4668-BE54-9A1E7A4F7556}") = "Task_04_08", "Task_04_08\Task_04_08.csproj", "{E675024E-D5C8-4C81-A82A-947074593F95}"
EndProject
Project("{9A19103F-16F7-4668-BE54-9A1E7A4F7556}") = "Task_04_09", "Task_04_09\Task_04_09.csproj", "{6CAFD236-38A4-4595-9ACA-85BE9AD4C030}"
EndProject
Project("{9A19103F-16F7-4668-BE54-9A1E7A4F7556}") = "Task_04_10", "Task_04_10\Task_04_10.csproj", "{AF1B4A3F-0716-4586-BF40-7F03D7F1A5AB}"
EndProject
Project("{2150E333-8FDC-42A3-9474-1A3956D46DE8}") = "Lesson_05", "Lesson_05", "{C544563D-D788-4E3E-9951-1155C5ACAE19}"
EndProject
Project("{9A19103F-16F7-4668-BE54-9A1E7A4F7556}") = "Task_05_03", "Task_05_03\Task_05_03.csproj", "{90027DF8-F99B-45E6-A74A-576CA7B767ED}"
EndProject
Project("{9A19103F-16F7-4668-BE54-9A1E7A4F7556}") = "Task_05_04", "Task_05_04\Task_05_04.csproj", "{A03E6BB2-ADB2-4F25-9604-D477976DE275}"
EndProject
Project("{9A19103F-16F7-4668-BE54-9A1E7A4F7556}") = "Task_05_05", "Task_05_05\Task_05_05.csproj", "{6E54AB9B-635A-4962-B830-317911D62904}"
EndProject
Project("{9A19103F-16F7-4668-BE54-9A1E7A4F7556}") = "Task_05_06", "Task_05_06\Task_05_06.csproj", "{D9961595-9E5D-4BD8-A342-9CF4EFDA3490}"
EndProject
Project("{9A19103F-16F7-4668-BE54-9A1E7A4F7556}") = "Task_05_07", "Task_05_07\Task_05_07.csproj", "{90C3A519-81CC-413D-BB0D-24BE44625284}"
EndProject
Project("{9A19103F-16F7-4668-BE54-9A1E7A4F7556}") = "Task_05_08", "Task_05_08\Task_05_08.csproj", "{FE64F4C0-CF4E-4AF8-93FE-2FB6F3D06564}"
EndProject
Project("{9A19103F-16F7-4668-BE54-9A1E7A4F7556}") = "Task_05_09", "Task_05_09\Task_05_09.csproj", "{62C16465-A468-4E36-97CE-372100A8A201}"
EndProject
Project("{2150E333-8FDC-42A3-9474-1A3956D46DE8}") = "Lesson_06", "Lesson_06", "{CBBD2B19-C308-4D61-A3D3-03213D492538}"
EndProject
Project("{FAE04EC0-301F-11D3-BF4B-00C04F79EFBC}") = "Task_06_01", "Task_06_01\Task_06_01.csproj", "{8D6620CF-B1A8-4735-9905-597B87D174EE}"
EndProject
Project("{2150E333-8FDC-42A3-9474-1A3956D46DE8}") = "Lesson_10", "Lesson_10", "{36D591C7-65C7-A0D1-1CBC-10CDE441BDC8}"
EndProject
Project("{FAE04EC0-301F-11D3-BF4B-00C04F79EFBC}") = "Task_10_06", "Task_10_06\Task_10_06.csproj", "{4C211F55-5108-4FDA-8DD3-E5CF1E9292A8}"
EndProject
Project("{FAE04EC0-301F-11D3-BF4B-00C04F79EFBC}") = "Task_10_07", "Task_10_07\Task_10_07.csproj", "{48A88DB1-9DD2-4CF3-A268-7775F08D3226}"
EndProject
Project("{FAE04EC0-301F-11D3-BF4B-00C04F79EFBC}") = "Task_10_08", "Task_10_08\Task_10_08.csproj", "{9C785359-055C-40F8-A152-AB4E23746974}"
EndProject
Project("{2150E333-8FDC-42A3-9474-1A3956D46DE8}") = "Lesson_11", "Lesson_11", "{EE61B59D-1F75-474B-A1A0-1C809152F97C}"
EndProject
Project("{FAE04EC0-301F-11D3-BF4B-00C04F79EFBC}") = "Task_11_01", "Task_11_01\Task_11_01.csproj", "{80F63646-713A-40E3-8D73-B67B50A29CE4}"
EndProject
Project("{FAE04EC0-301F-11D3-BF4B-00C04F79EFBC}") = "Task_11_02", "Task_11_02\Task_11_02.csproj", "{59A8A410-4DC5-4156-8681-53395EE6AF05}"
EndProject
Project("{FAE04EC0-301F-11D3-BF4B-00C04F79EFBC}") = "Task_11_03", "Task_11_03\Task_11_03.csproj", "{BF77717B-40D9-414C-BD44-2884D985CC77}"
EndProject
Project("{FAE04EC0-301F-11D3-BF4B-00C04F79EFBC}") = "Task_11_04", "Task_11_04\Task_11_04.csproj", "{E4AF0D46-4D7A-4D66-8BC5-F3BD608C886B}"
EndProject
Project("{FAE04EC0-301F-11D3-BF4B-00C04F79EFBC}") = "Task_11_05", "Task_11_05\Task_11_05.csproj", "{7548B95A-1A9A-47AD-8E55-702A91F5E516}"
EndProject
Project("{FAE04EC0-301F-11D3-BF4B-00C04F79EFBC}") = "Task_11_06", "Task_11_06\Task_11_06.csproj", "{982BC9C4-2F82-4239-A45D-E560BFBC4FA2}"
EndProject
Project("{FAE04EC0-301F-11D3-BF4B-00C04F79EFBC}") = "Task_11_07", "Task_11_07\Task_11_07.csproj", "{A20962AD-9E46-4A98-81EB-4BE7D3820EE9}"
EndProject
Project("{FAE04EC0-301F-11D3-BF4B-00C04F79EFBC}") = "Task_11_08", "Task_11_08\Task_11_08.csproj", "{D128EB53-AB65-4824-BD7D-56503E43F38C}"
EndProject
Project("{2150E333-8FDC-42A3-9474-1A3956D46DE8}") = "Lesson_13", "Lesson_13", "{E42AEA03-5B9B-4D5C-A439-48A32AAB1B84}"
EndProject
Project("{FAE04EC0-301F-11D3-BF4B-00C04F79EFBC}") = "Task_13_02", "Task_12_02\Task_13_02.csproj", "{1FA322F9-5B89-4B40-B50B-0DEC231AF3D2}"
EndProject
Project("{FAE04EC0-301F-11D3-BF4B-00C04F79EFBC}") = "Task_13_03", "Task_12_03\Task_13_03.csproj", "{69ADDEDC-8F60-4588-A83C-E8943BA8B4F2}"
EndProject
Project("{2150E333-8FDC-42A3-9474-1A3956D46DE8}") = "Lesson_14", "Lesson_14", "{35CBA8E9-2D9B-4258-BC3B-591FD46ABAE8}"
EndProject
Project("{FAE04EC0-301F-11D3-BF4B-00C04F79EFBC}") = "Task_14_03", "Task_14_03\Task_14_03.csproj", "{23957196-0525-4BD1-9018-5DAA2588CB03}"
EndProject
Project("{FAE04EC0-301F-11D3-BF4B-00C04F79EFBC}") = "Task_14_04", "Task_14_04\Task_14_04.csproj", "{4E83304A-2668-4D93-9606-10507D0CD3B5}"
EndProject
Project("{2150E333-8FDC-42A3-9474-1A3956D46DE8}") = "Lesson_19", "Lesson_19", "{EE7D6921-B566-4B0A-BA59-CF0A2F04189B}"
EndProject
Project("{FAE04EC0-301F-11D3-BF4B-00C04F79EFBC}") = "Task_19_01", "Task_19_01\Task_19_01.csproj", "{8D7FB115-51B8-4DF6-BCCD-677F8FBFBD49}"
EndProject
Project("{FAE04EC0-301F-11D3-BF4B-00C04F79EFBC}") = "Task_19_02", "Task_19_02\Task_19_02.csproj", "{909BB107-E394-471D-A2F4-B6B465D6DFDC}"
EndProject
Project("{FAE04EC0-301F-11D3-BF4B-00C04F79EFBC}") = "Task_19_03", "Task_19_03\Task_19_03.csproj", "{C72276A8-C614-4EE1-B543-2B9FE8671C35}"
EndProject
Project("{2150E333-8FDC-42A3-9474-1A3956D46DE8}") = "Lesson_20", "Lesson_20", "{CF015CEC-FD8A-49E0-93FA-FF008BA6B9E2}"
EndProject
Project("{FAE04EC0-301F-11D3-BF4B-00C04F79EFBC}") = "Task_20_03", "Task_20_03\Task_20_03.csproj", "{40C895AF-DA57-4057-9366-0910BE055B31}"
EndProject
Project("{FAE04EC0-301F-11D3-BF4B-00C04F79EFBC}") = "Task_20_04", "Task_20_04\Task_20_04.csproj", "{3E80BB69-6CA8-43C4-BE3B-05D94CB65EF9}"
EndProject
Project("{FAE04EC0-301F-11D3-BF4B-00C04F79EFBC}") = "Task_20_05", "Task_20_05\Task_20_05.csproj", "{DAB03BDF-5ADD-4BEA-96AB-77DD9662AAF6}"
EndProject
Project("{FAE04EC0-301F-11D3-BF4B-00C04F79EFBC}") = "Task_20_06", "Task_20_06\Task_20_06.csproj", "{3DC445CB-4030-4C1A-A194-5606F2B2D868}"
EndProject
Project("{2150E333-8FDC-42A3-9474-1A3956D46DE8}") = "Lesson_21", "Lesson_21", "{CD0854F1-5BA1-494D-BFAF-50691E4B5B6E}"
EndProject
Project("{FAE04EC0-301F-11D3-BF4B-00C04F79EFBC}") = "Task_21_01", "Task_21_01\Task_21_01.csproj", "{8D052DA8-07D1-4181-8C74-61CBDFB5C813}"
EndProject
Project("{FAE04EC0-301F-11D3-BF4B-00C04F79EFBC}") = "Task_21_02", "Task_21_02\Task_21_02.csproj", "{084873C4-FCE5-4E72-8550-9DBA98F8D9DE}"
EndProject
Project("{2150E333-8FDC-42A3-9474-1A3956D46DE8}") = "Lesson_24", "Lesson_24", "{1B7F6B0C-FF41-4A67-AB3C-8457392E471C}"
EndProject
Project("{FAE04EC0-301F-11D3-BF4B-00C04F79EFBC}") = "Task_24_06", "Task_23_06\Task_24_06.csproj", "{D2DB0DD4-EAF9-48EB-86F8-D8AC34DAA033}"
EndProject
Project("{FAE04EC0-301F-11D3-BF4B-00C04F79EFBC}") = "Task_24_07", "Task_24_07\Task_24_07.csproj", "{1EC89D00-1B2B-4B96-80AE-CC5CA8A4C7E1}"
EndProject
Project("{FAE04EC0-301F-11D3-BF4B-00C04F79EFBC}") = "Task_24_08", "Task_24_08\Task_24_08.csproj", "{B38DA69D-2B06-4A33-8253-8E0FF3C18AD9}"
EndProject
Project("{2150E333-8FDC-42A3-9474-1A3956D46DE8}") = "Lesson_38", "Lesson_38", "{1B083F52-1916-44AA-B1FA-792F73E2112E}"
EndProject
Project("{FAE04EC0-301F-11D3-BF4B-00C04F79EFBC}") = "Task_38_04", "Task_38_04\Task_38_04.csproj", "{D7BCCC43-E2C9-4C63-82E8-F3B269D8DF44}"
EndProject
Global
	GlobalSection(SolutionConfigurationPlatforms) = preSolution
		Debug|Any CPU = Debug|Any CPU
		Release|Any CPU = Release|Any CPU
	EndGlobalSection
	GlobalSection(ProjectConfigurationPlatforms) = postSolution
		{7AEE2BCC-898E-4542-95C6-25D5A8E3714F}.Debug|Any CPU.ActiveCfg = Debug|Any CPU
		{7AEE2BCC-898E-4542-95C6-25D5A8E3714F}.Debug|Any CPU.Build.0 = Debug|Any CPU
		{7AEE2BCC-898E-4542-95C6-25D5A8E3714F}.Release|Any CPU.ActiveCfg = Release|Any CPU
		{7AEE2BCC-898E-4542-95C6-25D5A8E3714F}.Release|Any CPU.Build.0 = Release|Any CPU
		{B2F72AC3-1366-46B5-8023-1C4BFE9E10EF}.Debug|Any CPU.ActiveCfg = Debug|Any CPU
		{B2F72AC3-1366-46B5-8023-1C4BFE9E10EF}.Debug|Any CPU.Build.0 = Debug|Any CPU
		{B2F72AC3-1366-46B5-8023-1C4BFE9E10EF}.Release|Any CPU.ActiveCfg = Release|Any CPU
		{B2F72AC3-1366-46B5-8023-1C4BFE9E10EF}.Release|Any CPU.Build.0 = Release|Any CPU
		{A3CC54A5-A0BA-4D06-AEF6-C0AB22BD9555}.Debug|Any CPU.ActiveCfg = Debug|Any CPU
		{A3CC54A5-A0BA-4D06-AEF6-C0AB22BD9555}.Debug|Any CPU.Build.0 = Debug|Any CPU
		{A3CC54A5-A0BA-4D06-AEF6-C0AB22BD9555}.Release|Any CPU.ActiveCfg = Release|Any CPU
		{A3CC54A5-A0BA-4D06-AEF6-C0AB22BD9555}.Release|Any CPU.Build.0 = Release|Any CPU
		{783A80C8-C222-427A-BFA2-977C5E3DDF12}.Debug|Any CPU.ActiveCfg = Debug|Any CPU
		{783A80C8-C222-427A-BFA2-977C5E3DDF12}.Debug|Any CPU.Build.0 = Debug|Any CPU
		{783A80C8-C222-427A-BFA2-977C5E3DDF12}.Release|Any CPU.ActiveCfg = Release|Any CPU
		{783A80C8-C222-427A-BFA2-977C5E3DDF12}.Release|Any CPU.Build.0 = Release|Any CPU
		{F35B174A-7380-4137-AEA6-F68A85EC84F9}.Debug|Any CPU.ActiveCfg = Debug|Any CPU
		{F35B174A-7380-4137-AEA6-F68A85EC84F9}.Debug|Any CPU.Build.0 = Debug|Any CPU
		{F35B174A-7380-4137-AEA6-F68A85EC84F9}.Release|Any CPU.ActiveCfg = Release|Any CPU
		{F35B174A-7380-4137-AEA6-F68A85EC84F9}.Release|Any CPU.Build.0 = Release|Any CPU
		{F570A2CB-9AD4-4E9D-BFDD-767375C8FCE5}.Debug|Any CPU.ActiveCfg = Debug|Any CPU
		{F570A2CB-9AD4-4E9D-BFDD-767375C8FCE5}.Debug|Any CPU.Build.0 = Debug|Any CPU
		{F570A2CB-9AD4-4E9D-BFDD-767375C8FCE5}.Release|Any CPU.ActiveCfg = Release|Any CPU
		{F570A2CB-9AD4-4E9D-BFDD-767375C8FCE5}.Release|Any CPU.Build.0 = Release|Any CPU
		{980F6A58-7096-4A6D-980E-FE7B2BBF9A1D}.Debug|Any CPU.ActiveCfg = Debug|Any CPU
		{980F6A58-7096-4A6D-980E-FE7B2BBF9A1D}.Debug|Any CPU.Build.0 = Debug|Any CPU
		{980F6A58-7096-4A6D-980E-FE7B2BBF9A1D}.Release|Any CPU.ActiveCfg = Release|Any CPU
		{980F6A58-7096-4A6D-980E-FE7B2BBF9A1D}.Release|Any CPU.Build.0 = Release|Any CPU
		{379A13F6-6301-416C-B54C-AF68A7346181}.Debug|Any CPU.ActiveCfg = Debug|Any CPU
		{379A13F6-6301-416C-B54C-AF68A7346181}.Debug|Any CPU.Build.0 = Debug|Any CPU
		{379A13F6-6301-416C-B54C-AF68A7346181}.Release|Any CPU.ActiveCfg = Release|Any CPU
		{379A13F6-6301-416C-B54C-AF68A7346181}.Release|Any CPU.Build.0 = Release|Any CPU
		{B3E07209-0995-47C9-9AC2-F688AEA02F51}.Debug|Any CPU.ActiveCfg = Debug|Any CPU
		{B3E07209-0995-47C9-9AC2-F688AEA02F51}.Debug|Any CPU.Build.0 = Debug|Any CPU
		{B3E07209-0995-47C9-9AC2-F688AEA02F51}.Release|Any CPU.ActiveCfg = Release|Any CPU
		{B3E07209-0995-47C9-9AC2-F688AEA02F51}.Release|Any CPU.Build.0 = Release|Any CPU
		{E01B9EA2-78F6-490C-AF7A-91EC1B4FAF81}.Debug|Any CPU.ActiveCfg = Debug|Any CPU
		{E01B9EA2-78F6-490C-AF7A-91EC1B4FAF81}.Debug|Any CPU.Build.0 = Debug|Any CPU
		{E01B9EA2-78F6-490C-AF7A-91EC1B4FAF81}.Release|Any CPU.ActiveCfg = Release|Any CPU
		{E01B9EA2-78F6-490C-AF7A-91EC1B4FAF81}.Release|Any CPU.Build.0 = Release|Any CPU
		{D16A43B6-B8C1-4A70-A5B7-65288A09E8B1}.Debug|Any CPU.ActiveCfg = Debug|Any CPU
		{D16A43B6-B8C1-4A70-A5B7-65288A09E8B1}.Debug|Any CPU.Build.0 = Debug|Any CPU
		{D16A43B6-B8C1-4A70-A5B7-65288A09E8B1}.Release|Any CPU.ActiveCfg = Release|Any CPU
		{D16A43B6-B8C1-4A70-A5B7-65288A09E8B1}.Release|Any CPU.Build.0 = Release|Any CPU
		{E675024E-D5C8-4C81-A82A-947074593F95}.Debug|Any CPU.ActiveCfg = Debug|Any CPU
		{E675024E-D5C8-4C81-A82A-947074593F95}.Debug|Any CPU.Build.0 = Debug|Any CPU
		{E675024E-D5C8-4C81-A82A-947074593F95}.Release|Any CPU.ActiveCfg = Release|Any CPU
		{E675024E-D5C8-4C81-A82A-947074593F95}.Release|Any CPU.Build.0 = Release|Any CPU
		{6CAFD236-38A4-4595-9ACA-85BE9AD4C030}.Debug|Any CPU.ActiveCfg = Debug|Any CPU
		{6CAFD236-38A4-4595-9ACA-85BE9AD4C030}.Debug|Any CPU.Build.0 = Debug|Any CPU
		{6CAFD236-38A4-4595-9ACA-85BE9AD4C030}.Release|Any CPU.ActiveCfg = Release|Any CPU
		{6CAFD236-38A4-4595-9ACA-85BE9AD4C030}.Release|Any CPU.Build.0 = Release|Any CPU
		{AF1B4A3F-0716-4586-BF40-7F03D7F1A5AB}.Debug|Any CPU.ActiveCfg = Debug|Any CPU
		{AF1B4A3F-0716-4586-BF40-7F03D7F1A5AB}.Debug|Any CPU.Build.0 = Debug|Any CPU
		{AF1B4A3F-0716-4586-BF40-7F03D7F1A5AB}.Release|Any CPU.ActiveCfg = Release|Any CPU
		{AF1B4A3F-0716-4586-BF40-7F03D7F1A5AB}.Release|Any CPU.Build.0 = Release|Any CPU
		{90027DF8-F99B-45E6-A74A-576CA7B767ED}.Debug|Any CPU.ActiveCfg = Debug|Any CPU
		{90027DF8-F99B-45E6-A74A-576CA7B767ED}.Debug|Any CPU.Build.0 = Debug|Any CPU
		{90027DF8-F99B-45E6-A74A-576CA7B767ED}.Release|Any CPU.ActiveCfg = Release|Any CPU
		{90027DF8-F99B-45E6-A74A-576CA7B767ED}.Release|Any CPU.Build.0 = Release|Any CPU
		{A03E6BB2-ADB2-4F25-9604-D477976DE275}.Debug|Any CPU.ActiveCfg = Debug|Any CPU
		{A03E6BB2-ADB2-4F25-9604-D477976DE275}.Debug|Any CPU.Build.0 = Debug|Any CPU
		{A03E6BB2-ADB2-4F25-9604-D477976DE275}.Release|Any CPU.ActiveCfg = Release|Any CPU
		{A03E6BB2-ADB2-4F25-9604-D477976DE275}.Release|Any CPU.Build.0 = Release|Any CPU
		{6E54AB9B-635A-4962-B830-317911D62904}.Debug|Any CPU.ActiveCfg = Debug|Any CPU
		{6E54AB9B-635A-4962-B830-317911D62904}.Debug|Any CPU.Build.0 = Debug|Any CPU
		{6E54AB9B-635A-4962-B830-317911D62904}.Release|Any CPU.ActiveCfg = Release|Any CPU
		{6E54AB9B-635A-4962-B830-317911D62904}.Release|Any CPU.Build.0 = Release|Any CPU
		{D9961595-9E5D-4BD8-A342-9CF4EFDA3490}.Debug|Any CPU.ActiveCfg = Debug|Any CPU
		{D9961595-9E5D-4BD8-A342-9CF4EFDA3490}.Debug|Any CPU.Build.0 = Debug|Any CPU
		{D9961595-9E5D-4BD8-A342-9CF4EFDA3490}.Release|Any CPU.ActiveCfg = Release|Any CPU
		{D9961595-9E5D-4BD8-A342-9CF4EFDA3490}.Release|Any CPU.Build.0 = Release|Any CPU
		{90C3A519-81CC-413D-BB0D-24BE44625284}.Debug|Any CPU.ActiveCfg = Debug|Any CPU
		{90C3A519-81CC-413D-BB0D-24BE44625284}.Debug|Any CPU.Build.0 = Debug|Any CPU
		{90C3A519-81CC-413D-BB0D-24BE44625284}.Release|Any CPU.ActiveCfg = Release|Any CPU
		{90C3A519-81CC-413D-BB0D-24BE44625284}.Release|Any CPU.Build.0 = Release|Any CPU
		{FE64F4C0-CF4E-4AF8-93FE-2FB6F3D06564}.Debug|Any CPU.ActiveCfg = Debug|Any CPU
		{FE64F4C0-CF4E-4AF8-93FE-2FB6F3D06564}.Debug|Any CPU.Build.0 = Debug|Any CPU
		{FE64F4C0-CF4E-4AF8-93FE-2FB6F3D06564}.Release|Any CPU.ActiveCfg = Release|Any CPU
		{FE64F4C0-CF4E-4AF8-93FE-2FB6F3D06564}.Release|Any CPU.Build.0 = Release|Any CPU
		{62C16465-A468-4E36-97CE-372100A8A201}.Debug|Any CPU.ActiveCfg = Debug|Any CPU
		{62C16465-A468-4E36-97CE-372100A8A201}.Debug|Any CPU.Build.0 = Debug|Any CPU
		{62C16465-A468-4E36-97CE-372100A8A201}.Release|Any CPU.ActiveCfg = Release|Any CPU
		{62C16465-A468-4E36-97CE-372100A8A201}.Release|Any CPU.Build.0 = Release|Any CPU
		{8D6620CF-B1A8-4735-9905-597B87D174EE}.Debug|Any CPU.ActiveCfg = Debug|Any CPU
		{8D6620CF-B1A8-4735-9905-597B87D174EE}.Debug|Any CPU.Build.0 = Debug|Any CPU
		{8D6620CF-B1A8-4735-9905-597B87D174EE}.Release|Any CPU.ActiveCfg = Release|Any CPU
		{8D6620CF-B1A8-4735-9905-597B87D174EE}.Release|Any CPU.Build.0 = Release|Any CPU
		{4C211F55-5108-4FDA-8DD3-E5CF1E9292A8}.Debug|Any CPU.ActiveCfg = Debug|Any CPU
		{4C211F55-5108-4FDA-8DD3-E5CF1E9292A8}.Debug|Any CPU.Build.0 = Debug|Any CPU
		{4C211F55-5108-4FDA-8DD3-E5CF1E9292A8}.Release|Any CPU.ActiveCfg = Release|Any CPU
		{4C211F55-5108-4FDA-8DD3-E5CF1E9292A8}.Release|Any CPU.Build.0 = Release|Any CPU
		{48A88DB1-9DD2-4CF3-A268-7775F08D3226}.Debug|Any CPU.ActiveCfg = Debug|Any CPU
		{48A88DB1-9DD2-4CF3-A268-7775F08D3226}.Debug|Any CPU.Build.0 = Debug|Any CPU
		{48A88DB1-9DD2-4CF3-A268-7775F08D3226}.Release|Any CPU.ActiveCfg = Release|Any CPU
		{48A88DB1-9DD2-4CF3-A268-7775F08D3226}.Release|Any CPU.Build.0 = Release|Any CPU
		{9C785359-055C-40F8-A152-AB4E23746974}.Debug|Any CPU.ActiveCfg = Debug|Any CPU
		{9C785359-055C-40F8-A152-AB4E23746974}.Debug|Any CPU.Build.0 = Debug|Any CPU
		{9C785359-055C-40F8-A152-AB4E23746974}.Release|Any CPU.ActiveCfg = Release|Any CPU
		{9C785359-055C-40F8-A152-AB4E23746974}.Release|Any CPU.Build.0 = Release|Any CPU
		{80F63646-713A-40E3-8D73-B67B50A29CE4}.Debug|Any CPU.ActiveCfg = Debug|Any CPU
		{80F63646-713A-40E3-8D73-B67B50A29CE4}.Debug|Any CPU.Build.0 = Debug|Any CPU
		{80F63646-713A-40E3-8D73-B67B50A29CE4}.Release|Any CPU.ActiveCfg = Release|Any CPU
		{80F63646-713A-40E3-8D73-B67B50A29CE4}.Release|Any CPU.Build.0 = Release|Any CPU
		{59A8A410-4DC5-4156-8681-53395EE6AF05}.Debug|Any CPU.ActiveCfg = Debug|Any CPU
		{59A8A410-4DC5-4156-8681-53395EE6AF05}.Debug|Any CPU.Build.0 = Debug|Any CPU
		{59A8A410-4DC5-4156-8681-53395EE6AF05}.Release|Any CPU.ActiveCfg = Release|Any CPU
		{59A8A410-4DC5-4156-8681-53395EE6AF05}.Release|Any CPU.Build.0 = Release|Any CPU
		{BF77717B-40D9-414C-BD44-2884D985CC77}.Debug|Any CPU.ActiveCfg = Debug|Any CPU
		{BF77717B-40D9-414C-BD44-2884D985CC77}.Debug|Any CPU.Build.0 = Debug|Any CPU
		{BF77717B-40D9-414C-BD44-2884D985CC77}.Release|Any CPU.ActiveCfg = Release|Any CPU
		{BF77717B-40D9-414C-BD44-2884D985CC77}.Release|Any CPU.Build.0 = Release|Any CPU
		{E4AF0D46-4D7A-4D66-8BC5-F3BD608C886B}.Debug|Any CPU.ActiveCfg = Debug|Any CPU
		{E4AF0D46-4D7A-4D66-8BC5-F3BD608C886B}.Debug|Any CPU.Build.0 = Debug|Any CPU
		{E4AF0D46-4D7A-4D66-8BC5-F3BD608C886B}.Release|Any CPU.ActiveCfg = Release|Any CPU
		{E4AF0D46-4D7A-4D66-8BC5-F3BD608C886B}.Release|Any CPU.Build.0 = Release|Any CPU
		{7548B95A-1A9A-47AD-8E55-702A91F5E516}.Debug|Any CPU.ActiveCfg = Debug|Any CPU
		{7548B95A-1A9A-47AD-8E55-702A91F5E516}.Debug|Any CPU.Build.0 = Debug|Any CPU
		{7548B95A-1A9A-47AD-8E55-702A91F5E516}.Release|Any CPU.ActiveCfg = Release|Any CPU
		{7548B95A-1A9A-47AD-8E55-702A91F5E516}.Release|Any CPU.Build.0 = Release|Any CPU
		{982BC9C4-2F82-4239-A45D-E560BFBC4FA2}.Debug|Any CPU.ActiveCfg = Debug|Any CPU
		{982BC9C4-2F82-4239-A45D-E560BFBC4FA2}.Debug|Any CPU.Build.0 = Debug|Any CPU
		{982BC9C4-2F82-4239-A45D-E560BFBC4FA2}.Release|Any CPU.ActiveCfg = Release|Any CPU
		{982BC9C4-2F82-4239-A45D-E560BFBC4FA2}.Release|Any CPU.Build.0 = Release|Any CPU
		{A20962AD-9E46-4A98-81EB-4BE7D3820EE9}.Debug|Any CPU.ActiveCfg = Debug|Any CPU
		{A20962AD-9E46-4A98-81EB-4BE7D3820EE9}.Debug|Any CPU.Build.0 = Debug|Any CPU
		{A20962AD-9E46-4A98-81EB-4BE7D3820EE9}.Release|Any CPU.ActiveCfg = Release|Any CPU
		{A20962AD-9E46-4A98-81EB-4BE7D3820EE9}.Release|Any CPU.Build.0 = Release|Any CPU
		{D128EB53-AB65-4824-BD7D-56503E43F38C}.Debug|Any CPU.ActiveCfg = Debug|Any CPU
		{D128EB53-AB65-4824-BD7D-56503E43F38C}.Debug|Any CPU.Build.0 = Debug|Any CPU
		{D128EB53-AB65-4824-BD7D-56503E43F38C}.Release|Any CPU.ActiveCfg = Release|Any CPU
		{D128EB53-AB65-4824-BD7D-56503E43F38C}.Release|Any CPU.Build.0 = Release|Any CPU
		{1FA322F9-5B89-4B40-B50B-0DEC231AF3D2}.Debug|Any CPU.ActiveCfg = Debug|Any CPU
		{1FA322F9-5B89-4B40-B50B-0DEC231AF3D2}.Debug|Any CPU.Build.0 = Debug|Any CPU
		{1FA322F9-5B89-4B40-B50B-0DEC231AF3D2}.Release|Any CPU.ActiveCfg = Release|Any CPU
		{1FA322F9-5B89-4B40-B50B-0DEC231AF3D2}.Release|Any CPU.Build.0 = Release|Any CPU
		{69ADDEDC-8F60-4588-A83C-E8943BA8B4F2}.Debug|Any CPU.ActiveCfg = Debug|Any CPU
		{69ADDEDC-8F60-4588-A83C-E8943BA8B4F2}.Debug|Any CPU.Build.0 = Debug|Any CPU
		{69ADDEDC-8F60-4588-A83C-E8943BA8B4F2}.Release|Any CPU.ActiveCfg = Release|Any CPU
		{69ADDEDC-8F60-4588-A83C-E8943BA8B4F2}.Release|Any CPU.Build.0 = Release|Any CPU
		{23957196-0525-4BD1-9018-5DAA2588CB03}.Debug|Any CPU.ActiveCfg = Debug|Any CPU
		{23957196-0525-4BD1-9018-5DAA2588CB03}.Debug|Any CPU.Build.0 = Debug|Any CPU
		{23957196-0525-4BD1-9018-5DAA2588CB03}.Release|Any CPU.ActiveCfg = Release|Any CPU
		{23957196-0525-4BD1-9018-5DAA2588CB03}.Release|Any CPU.Build.0 = Release|Any CPU
		{4E83304A-2668-4D93-9606-10507D0CD3B5}.Debug|Any CPU.ActiveCfg = Debug|Any CPU
		{4E83304A-2668-4D93-9606-10507D0CD3B5}.Debug|Any CPU.Build.0 = Debug|Any CPU
		{4E83304A-2668-4D93-9606-10507D0CD3B5}.Release|Any CPU.ActiveCfg = Release|Any CPU
		{4E83304A-2668-4D93-9606-10507D0CD3B5}.Release|Any CPU.Build.0 = Release|Any CPU
		{8D7FB115-51B8-4DF6-BCCD-677F8FBFBD49}.Debug|Any CPU.ActiveCfg = Debug|Any CPU
		{8D7FB115-51B8-4DF6-BCCD-677F8FBFBD49}.Debug|Any CPU.Build.0 = Debug|Any CPU
		{8D7FB115-51B8-4DF6-BCCD-677F8FBFBD49}.Release|Any CPU.ActiveCfg = Release|Any CPU
		{8D7FB115-51B8-4DF6-BCCD-677F8FBFBD49}.Release|Any CPU.Build.0 = Release|Any CPU
		{909BB107-E394-471D-A2F4-B6B465D6DFDC}.Debug|Any CPU.ActiveCfg = Debug|Any CPU
		{909BB107-E394-471D-A2F4-B6B465D6DFDC}.Debug|Any CPU.Build.0 = Debug|Any CPU
		{909BB107-E394-471D-A2F4-B6B465D6DFDC}.Release|Any CPU.ActiveCfg = Release|Any CPU
		{909BB107-E394-471D-A2F4-B6B465D6DFDC}.Release|Any CPU.Build.0 = Release|Any CPU
		{C72276A8-C614-4EE1-B543-2B9FE8671C35}.Debug|Any CPU.ActiveCfg = Debug|Any CPU
		{C72276A8-C614-4EE1-B543-2B9FE8671C35}.Debug|Any CPU.Build.0 = Debug|Any CPU
		{C72276A8-C614-4EE1-B543-2B9FE8671C35}.Release|Any CPU.ActiveCfg = Release|Any CPU
		{C72276A8-C614-4EE1-B543-2B9FE8671C35}.Release|Any CPU.Build.0 = Release|Any CPU
		{40C895AF-DA57-4057-9366-0910BE055B31}.Debug|Any CPU.ActiveCfg = Debug|Any CPU
		{40C895AF-DA57-4057-9366-0910BE055B31}.Debug|Any CPU.Build.0 = Debug|Any CPU
		{40C895AF-DA57-4057-9366-0910BE055B31}.Release|Any CPU.ActiveCfg = Release|Any CPU
		{40C895AF-DA57-4057-9366-0910BE055B31}.Release|Any CPU.Build.0 = Release|Any CPU
		{3E80BB69-6CA8-43C4-BE3B-05D94CB65EF9}.Debug|Any CPU.ActiveCfg = Debug|Any CPU
		{3E80BB69-6CA8-43C4-BE3B-05D94CB65EF9}.Debug|Any CPU.Build.0 = Debug|Any CPU
		{3E80BB69-6CA8-43C4-BE3B-05D94CB65EF9}.Release|Any CPU.ActiveCfg = Release|Any CPU
		{3E80BB69-6CA8-43C4-BE3B-05D94CB65EF9}.Release|Any CPU.Build.0 = Release|Any CPU
		{DAB03BDF-5ADD-4BEA-96AB-77DD9662AAF6}.Debug|Any CPU.ActiveCfg = Debug|Any CPU
		{DAB03BDF-5ADD-4BEA-96AB-77DD9662AAF6}.Debug|Any CPU.Build.0 = Debug|Any CPU
		{DAB03BDF-5ADD-4BEA-96AB-77DD9662AAF6}.Release|Any CPU.ActiveCfg = Release|Any CPU
		{DAB03BDF-5ADD-4BEA-96AB-77DD9662AAF6}.Release|Any CPU.Build.0 = Release|Any CPU
		{3DC445CB-4030-4C1A-A194-5606F2B2D868}.Debug|Any CPU.ActiveCfg = Debug|Any CPU
		{3DC445CB-4030-4C1A-A194-5606F2B2D868}.Debug|Any CPU.Build.0 = Debug|Any CPU
		{3DC445CB-4030-4C1A-A194-5606F2B2D868}.Release|Any CPU.ActiveCfg = Release|Any CPU
		{3DC445CB-4030-4C1A-A194-5606F2B2D868}.Release|Any CPU.Build.0 = Release|Any CPU
		{8D052DA8-07D1-4181-8C74-61CBDFB5C813}.Debug|Any CPU.ActiveCfg = Debug|Any CPU
		{8D052DA8-07D1-4181-8C74-61CBDFB5C813}.Debug|Any CPU.Build.0 = Debug|Any CPU
		{8D052DA8-07D1-4181-8C74-61CBDFB5C813}.Release|Any CPU.ActiveCfg = Release|Any CPU
		{8D052DA8-07D1-4181-8C74-61CBDFB5C813}.Release|Any CPU.Build.0 = Release|Any CPU
		{084873C4-FCE5-4E72-8550-9DBA98F8D9DE}.Debug|Any CPU.ActiveCfg = Debug|Any CPU
		{084873C4-FCE5-4E72-8550-9DBA98F8D9DE}.Debug|Any CPU.Build.0 = Debug|Any CPU
		{084873C4-FCE5-4E72-8550-9DBA98F8D9DE}.Release|Any CPU.ActiveCfg = Release|Any CPU
		{084873C4-FCE5-4E72-8550-9DBA98F8D9DE}.Release|Any CPU.Build.0 = Release|Any CPU
		{D2DB0DD4-EAF9-48EB-86F8-D8AC34DAA033}.Debug|Any CPU.ActiveCfg = Debug|Any CPU
		{D2DB0DD4-EAF9-48EB-86F8-D8AC34DAA033}.Debug|Any CPU.Build.0 = Debug|Any CPU
		{D2DB0DD4-EAF9-48EB-86F8-D8AC34DAA033}.Release|Any CPU.ActiveCfg = Release|Any CPU
		{D2DB0DD4-EAF9-48EB-86F8-D8AC34DAA033}.Release|Any CPU.Build.0 = Release|Any CPU
		{1EC89D00-1B2B-4B96-80AE-CC5CA8A4C7E1}.Debug|Any CPU.ActiveCfg = Debug|Any CPU
		{1EC89D00-1B2B-4B96-80AE-CC5CA8A4C7E1}.Debug|Any CPU.Build.0 = Debug|Any CPU
		{1EC89D00-1B2B-4B96-80AE-CC5CA8A4C7E1}.Release|Any CPU.ActiveCfg = Release|Any CPU
		{1EC89D00-1B2B-4B96-80AE-CC5CA8A4C7E1}.Release|Any CPU.Build.0 = Release|Any CPU
		{B38DA69D-2B06-4A33-8253-8E0FF3C18AD9}.Debug|Any CPU.ActiveCfg = Debug|Any CPU
		{B38DA69D-2B06-4A33-8253-8E0FF3C18AD9}.Debug|Any CPU.Build.0 = Debug|Any CPU
		{B38DA69D-2B06-4A33-8253-8E0FF3C18AD9}.Release|Any CPU.ActiveCfg = Release|Any CPU
		{B38DA69D-2B06-4A33-8253-8E0FF3C18AD9}.Release|Any CPU.Build.0 = Release|Any CPU
		{D7BCCC43-E2C9-4C63-82E8-F3B269D8DF44}.Debug|Any CPU.ActiveCfg = Debug|Any CPU
		{D7BCCC43-E2C9-4C63-82E8-F3B269D8DF44}.Debug|Any CPU.Build.0 = Debug|Any CPU
		{D7BCCC43-E2C9-4C63-82E8-F3B269D8DF44}.Release|Any CPU.ActiveCfg = Release|Any CPU
		{D7BCCC43-E2C9-4C63-82E8-F3B269D8DF44}.Release|Any CPU.Build.0 = Release|Any CPU
	EndGlobalSection
	GlobalSection(SolutionProperties) = preSolution
		HideSolutionNode = FALSE
	EndGlobalSection
	GlobalSection(NestedProjects) = preSolution
		{7AEE2BCC-898E-4542-95C6-25D5A8E3714F} = {64088E18-F3CB-4CCB-B90A-6A3E37F6324A}
		{B2F72AC3-1366-46B5-8023-1C4BFE9E10EF} = {64088E18-F3CB-4CCB-B90A-6A3E37F6324A}
		{A3CC54A5-A0BA-4D06-AEF6-C0AB22BD9555} = {21B3308B-B0C5-40D8-99D4-C899459DE6CF}
		{783A80C8-C222-427A-BFA2-977C5E3DDF12} = {21B3308B-B0C5-40D8-99D4-C899459DE6CF}
		{F35B174A-7380-4137-AEA6-F68A85EC84F9} = {21B3308B-B0C5-40D8-99D4-C899459DE6CF}
		{F570A2CB-9AD4-4E9D-BFDD-767375C8FCE5} = {21B3308B-B0C5-40D8-99D4-C899459DE6CF}
		{980F6A58-7096-4A6D-980E-FE7B2BBF9A1D} = {21B3308B-B0C5-40D8-99D4-C899459DE6CF}
		{379A13F6-6301-416C-B54C-AF68A7346181} = {21B3308B-B0C5-40D8-99D4-C899459DE6CF}
		{B3E07209-0995-47C9-9AC2-F688AEA02F51} = {4D1CB09E-74FF-4CA0-971E-F17FD1C0092D}
		{E01B9EA2-78F6-490C-AF7A-91EC1B4FAF81} = {4D1CB09E-74FF-4CA0-971E-F17FD1C0092D}
		{D16A43B6-B8C1-4A70-A5B7-65288A09E8B1} = {4D1CB09E-74FF-4CA0-971E-F17FD1C0092D}
		{E675024E-D5C8-4C81-A82A-947074593F95} = {4D1CB09E-74FF-4CA0-971E-F17FD1C0092D}
		{6CAFD236-38A4-4595-9ACA-85BE9AD4C030} = {4D1CB09E-74FF-4CA0-971E-F17FD1C0092D}
		{AF1B4A3F-0716-4586-BF40-7F03D7F1A5AB} = {4D1CB09E-74FF-4CA0-971E-F17FD1C0092D}
		{90027DF8-F99B-45E6-A74A-576CA7B767ED} = {C544563D-D788-4E3E-9951-1155C5ACAE19}
		{A03E6BB2-ADB2-4F25-9604-D477976DE275} = {C544563D-D788-4E3E-9951-1155C5ACAE19}
		{6E54AB9B-635A-4962-B830-317911D62904} = {C544563D-D788-4E3E-9951-1155C5ACAE19}
		{D9961595-9E5D-4BD8-A342-9CF4EFDA3490} = {C544563D-D788-4E3E-9951-1155C5ACAE19}
		{90C3A519-81CC-413D-BB0D-24BE44625284} = {C544563D-D788-4E3E-9951-1155C5ACAE19}
		{FE64F4C0-CF4E-4AF8-93FE-2FB6F3D06564} = {C544563D-D788-4E3E-9951-1155C5ACAE19}
		{62C16465-A468-4E36-97CE-372100A8A201} = {C544563D-D788-4E3E-9951-1155C5ACAE19}
		{8D6620CF-B1A8-4735-9905-597B87D174EE} = {CBBD2B19-C308-4D61-A3D3-03213D492538}
		{4C211F55-5108-4FDA-8DD3-E5CF1E9292A8} = {36D591C7-65C7-A0D1-1CBC-10CDE441BDC8}
		{48A88DB1-9DD2-4CF3-A268-7775F08D3226} = {36D591C7-65C7-A0D1-1CBC-10CDE441BDC8}
		{9C785359-055C-40F8-A152-AB4E23746974} = {36D591C7-65C7-A0D1-1CBC-10CDE441BDC8}
		{80F63646-713A-40E3-8D73-B67B50A29CE4} = {EE61B59D-1F75-474B-A1A0-1C809152F97C}
		{59A8A410-4DC5-4156-8681-53395EE6AF05} = {EE61B59D-1F75-474B-A1A0-1C809152F97C}
		{BF77717B-40D9-414C-BD44-2884D985CC77} = {EE61B59D-1F75-474B-A1A0-1C809152F97C}
		{E4AF0D46-4D7A-4D66-8BC5-F3BD608C886B} = {EE61B59D-1F75-474B-A1A0-1C809152F97C}
		{7548B95A-1A9A-47AD-8E55-702A91F5E516} = {EE61B59D-1F75-474B-A1A0-1C809152F97C}
		{982BC9C4-2F82-4239-A45D-E560BFBC4FA2} = {EE61B59D-1F75-474B-A1A0-1C809152F97C}
		{A20962AD-9E46-4A98-81EB-4BE7D3820EE9} = {EE61B59D-1F75-474B-A1A0-1C809152F97C}
		{D128EB53-AB65-4824-BD7D-56503E43F38C} = {EE61B59D-1F75-474B-A1A0-1C809152F97C}
		{1FA322F9-5B89-4B40-B50B-0DEC231AF3D2} = {E42AEA03-5B9B-4D5C-A439-48A32AAB1B84}
		{69ADDEDC-8F60-4588-A83C-E8943BA8B4F2} = {E42AEA03-5B9B-4D5C-A439-48A32AAB1B84}
		{23957196-0525-4BD1-9018-5DAA2588CB03} = {35CBA8E9-2D9B-4258-BC3B-591FD46ABAE8}
		{4E83304A-2668-4D93-9606-10507D0CD3B5} = {35CBA8E9-2D9B-4258-BC3B-591FD46ABAE8}
		{8D7FB115-51B8-4DF6-BCCD-677F8FBFBD49} = {EE7D6921-B566-4B0A-BA59-CF0A2F04189B}
		{909BB107-E394-471D-A2F4-B6B465D6DFDC} = {EE7D6921-B566-4B0A-BA59-CF0A2F04189B}
		{C72276A8-C614-4EE1-B543-2B9FE8671C35} = {EE7D6921-B566-4B0A-BA59-CF0A2F04189B}
		{40C895AF-DA57-4057-9366-0910BE055B31} = {CF015CEC-FD8A-49E0-93FA-FF008BA6B9E2}
		{3E80BB69-6CA8-43C4-BE3B-05D94CB65EF9} = {CF015CEC-FD8A-49E0-93FA-FF008BA6B9E2}
		{DAB03BDF-5ADD-4BEA-96AB-77DD9662AAF6} = {CF015CEC-FD8A-49E0-93FA-FF008BA6B9E2}
		{3DC445CB-4030-4C1A-A194-5606F2B2D868} = {CF015CEC-FD8A-49E0-93FA-FF008BA6B9E2}
		{8D052DA8-07D1-4181-8C74-61CBDFB5C813} = {CD0854F1-5BA1-494D-BFAF-50691E4B5B6E}
		{084873C4-FCE5-4E72-8550-9DBA98F8D9DE} = {CD0854F1-5BA1-494D-BFAF-50691E4B5B6E}
		{D2DB0DD4-EAF9-48EB-86F8-D8AC34DAA033} = {1B7F6B0C-FF41-4A67-AB3C-8457392E471C}
		{1EC89D00-1B2B-4B96-80AE-CC5CA8A4C7E1} = {1B7F6B0C-FF41-4A67-AB3C-8457392E471C}
		{B38DA69D-2B06-4A33-8253-8E0FF3C18AD9} = {1B7F6B0C-FF41-4A67-AB3C-8457392E471C}
		{D7BCCC43-E2C9-4C63-82E8-F3B269D8DF44} = {1B083F52-1916-44AA-B1FA-792F73E2112E}
	EndGlobalSection
	GlobalSection(ExtensibilityGlobals) = postSolution
		SolutionGuid = {9572FD8B-01CE-48D9-B3BF-5FC37AC3EF01}
	EndGlobalSection
EndGlobal
